
Microsoft Visual Studio Solution File, Format Version 12.00
# Visual Studio Version 17
VisualStudioVersion = 17.11.35208.52
MinimumVisualStudioVersion = 10.0.40219.1
Project("{FAE04EC0-301F-11D3-BF4B-00C04F79EFBC}") = "EmployeeRecordsInsert", "EmployeeRecordsInsert\EmployeeRecordsInsert.csproj", "{DFFBE2C2-11C9-4ACC-A9BE-D3BE9FED6C34}"
EndProject
Global
	GlobalSection(SolutionConfigurationPlatforms) = preSolution
		Debug|Any CPU = Debug|Any CPU
		Release|Any CPU = Release|Any CPU
	EndGlobalSection
	GlobalSection(ProjectConfigurationPlatforms) = postSolution
		{DFFBE2C2-11C9-4ACC-A9BE-D3BE9FED6C34}.Debug|Any CPU.ActiveCfg = Debug|Any CPU
		{DFFBE2C2-11C9-4ACC-A9BE-D3BE9FED6C34}.Debug|Any CPU.Build.0 = Debug|Any CPU
		{DFFBE2C2-11C9-4ACC-A9BE-D3BE9FED6C34}.Release|Any CPU.ActiveCfg = Release|Any CPU
		{DFFBE2C2-11C9-4ACC-A9BE-D3BE9FED6C34}.Release|Any CPU.Build.0 = Release|Any CPU
	EndGlobalSection
	GlobalSection(SolutionProperties) = preSolution
		HideSolutionNode = FALSE
	EndGlobalSection
	GlobalSection(ExtensibilityGlobals) = postSolution
		SolutionGuid = {B6F80235-EFA9-468A-8754-E64A67680AB6}
	EndGlobalSection
EndGlobal
